// !$*UTF8*$!
{
	archiveVersion = 1;
	classes = {
	};
	objectVersion = 46;
	objects = {

/* Begin PBXBuildFile section */
		379DDA641EF9B2AD00774D7D /* libsqlite3.tbd in Frameworks */ = {isa = PBXBuildFile; fileRef = 379DDA631EF9B2AD00774D7D /* libsqlite3.tbd */; };
		37F3375C1EF85C1200DAD008 /* AppDelegate.swift in Sources */ = {isa = PBXBuildFile; fileRef = 37F3375B1EF85C1200DAD008 /* AppDelegate.swift */; };
		37F3375E1EF85C1200DAD008 /* ViewController.swift in Sources */ = {isa = PBXBuildFile; fileRef = 37F3375D1EF85C1200DAD008 /* ViewController.swift */; };
		37F337611EF85C1200DAD008 /* Main.storyboard in Resources */ = {isa = PBXBuildFile; fileRef = 37F3375F1EF85C1200DAD008 /* Main.storyboard */; };
		37F337631EF85C1200DAD008 /* Assets.xcassets in Resources */ = {isa = PBXBuildFile; fileRef = 37F337621EF85C1200DAD008 /* Assets.xcassets */; };
		37F337661EF85C1200DAD008 /* LaunchScreen.storyboard in Resources */ = {isa = PBXBuildFile; fileRef = 37F337641EF85C1200DAD008 /* LaunchScreen.storyboard */; };
/* End PBXBuildFile section */

/* Begin PBXFileReference section */
		379DDA631EF9B2AD00774D7D /* libsqlite3.tbd */ = {isa = PBXFileReference; lastKnownFileType = "sourcecode.text-based-dylib-definition"; name = libsqlite3.tbd; path = usr/lib/libsqlite3.tbd; sourceTree = SDKROOT; };
		379DDA651EF9B2C300774D7D /* SQLite_FMDB_Exercise-Bridging-Header.h */ = {isa = PBXFileReference; lastKnownFileType = sourcecode.c.h; path = "SQLite_FMDB_Exercise-Bridging-Header.h"; sourceTree = "<group>"; };
		37F337581EF85C1200DAD008 /* SQLite_FMDB_Exercise.app */ = {isa = PBXFileReference; explicitFileType = wrapper.application; includeInIndex = 0; path = SQLite_FMDB_Exercise.app; sourceTree = BUILT_PRODUCTS_DIR; };
		37F3375B1EF85C1200DAD008 /* AppDelegate.swift */ = {isa = PBXFileReference; lastKnownFileType = sourcecode.swift; path = AppDelegate.swift; sourceTree = "<group>"; };
		37F3375D1EF85C1200DAD008 /* ViewController.swift */ = {isa = PBXFileReference; lastKnownFileType = sourcecode.swift; path = ViewController.swift; sourceTree = "<group>"; };
		37F337601EF85C1200DAD008 /* Base */ = {isa = PBXFileReference; lastKnownFileType = file.storyboard; name = Base; path = Base.lproj/Main.storyboard; sourceTree = "<group>"; };
		37F337621EF85C1200DAD008 /* Assets.xcassets */ = {isa = PBXFileReference; lastKnownFileType = folder.assetcatalog; path = Assets.xcassets; sourceTree = "<group>"; };
		37F337651EF85C1200DAD008 /* Base */ = {isa = PBXFileReference; lastKnownFileType = file.storyboard; name = Base; path = Base.lproj/LaunchScreen.storyboard; sourceTree = "<group>"; };
		37F337671EF85C1200DAD008 /* Info.plist */ = {isa = PBXFileReference; lastKnownFileType = text.plist.xml; path = Info.plist; sourceTree = "<group>"; };
/* End PBXFileReference section */

/* Begin PBXFrameworksBuildPhase section */
		37F337551EF85C1200DAD008 /* Frameworks */ = {
			isa = PBXFrameworksBuildPhase;
			buildActionMask = 2147483647;
			files = (
				379DDA641EF9B2AD00774D7D /* libsqlite3.tbd in Frameworks */,
			);
			runOnlyForDeploymentPostprocessing = 0;
		};
/* End PBXFrameworksBuildPhase section */

/* Begin PBXGroup section */
		379DDA621EF9B2AD00774D7D /* Frameworks */ = {
			isa = PBXGroup;
			children = (
				379DDA631EF9B2AD00774D7D /* libsqlite3.tbd */,
			);
			name = Frameworks;
			sourceTree = "<group>";
		};
		37F3374F1EF85C1200DAD008 = {
			isa = PBXGroup;
			children = (
				37F3375A1EF85C1200DAD008 /* SQLite_FMDB_Exercise */,
				37F337591EF85C1200DAD008 /* Products */,
				379DDA621EF9B2AD00774D7D /* Frameworks */,
			);
			sourceTree = "<group>";
		};
		37F337591EF85C1200DAD008 /* Products */ = {
			isa = PBXGroup;
			children = (
				37F337581EF85C1200DAD008 /* SQLite_FMDB_Exercise.app */,
			);
			name = Products;
			sourceTree = "<group>";
		};
		37F3375A1EF85C1200DAD008 /* SQLite_FMDB_Exercise */ = {
			isa = PBXGroup;
			children = (
				37F3375B1EF85C1200DAD008 /* AppDelegate.swift */,
				37F3375D1EF85C1200DAD008 /* ViewController.swift */,
				37F3375F1EF85C1200DAD008 /* Main.storyboard */,
				37F337621EF85C1200DAD008 /* Assets.xcassets */,
				37F337641EF85C1200DAD008 /* LaunchScreen.storyboard */,
				37F337671EF85C1200DAD008 /* Info.plist */,
				379DDA651EF9B2C300774D7D /* SQLite_FMDB_Exercise-Bridging-Header.h */,
			);
			path = SQLite_FMDB_Exercise;
			sourceTree = "<group>";
		};
/* End PBXGroup section */

/* Begin PBXNativeTarget section */
		37F337571EF85C1200DAD008 /* SQLite_FMDB_Exercise */ = {
			isa = PBXNativeTarget;
			buildConfigurationList = 37F3376A1EF85C1200DAD008 /* Build configuration list for PBXNativeTarget "SQLite_FMDB_Exercise" */;
			buildPhases = (
				37F337541EF85C1200DAD008 /* Sources */,
				37F337551EF85C1200DAD008 /* Frameworks */,
				37F337561EF85C1200DAD008 /* Resources */,
			);
			buildRules = (
			);
			dependencies = (
			);
			name = SQLite_FMDB_Exercise;
			productName = UserDefaultsExercies;
			productReference = 37F337581EF85C1200DAD008 /* SQLite_FMDB_Exercise.app */;
			productType = "com.apple.product-type.application";
		};
/* End PBXNativeTarget section */

/* Begin PBXProject section */
		37F337501EF85C1200DAD008 /* Project object */ = {
			isa = PBXProject;
			attributes = {
				LastSwiftUpdateCheck = 0830;
				LastUpgradeCheck = 0830;
				ORGANIZATIONNAME = iShinobi;
				TargetAttributes = {
					37F337571EF85C1200DAD008 = {
						CreatedOnToolsVersion = 8.3.3;
						DevelopmentTeam = WZFHSP6QD4;
						LastSwiftMigration = 0830;
						ProvisioningStyle = Automatic;
					};
				};
			};
			buildConfigurationList = 37F337531EF85C1200DAD008 /* Build configuration list for PBXProject "SQLite_FMDB_Exercise" */;
			compatibilityVersion = "Xcode 3.2";
			developmentRegion = English;
			hasScannedForEncodings = 0;
			knownRegions = (
				en,
				Base,
			);
			mainGroup = 37F3374F1EF85C1200DAD008;
			productRefGroup = 37F337591EF85C1200DAD008 /* Products */;
			projectDirPath = "";
			projectRoot = "";
			targets = (
				37F337571EF85C1200DAD008 /* SQLite_FMDB_Exercise */,
			);
		};
/* End PBXProject section */

/* Begin PBXResourcesBuildPhase section */
		37F337561EF85C1200DAD008 /* Resources */ = {
			isa = PBXResourcesBuildPhase;
			buildActionMask = 2147483647;
			files = (
				37F337661EF85C1200DAD008 /* LaunchScreen.storyboard in Resources */,
				37F337631EF85C1200DAD008 /* Assets.xcassets in Resources */,
				37F337611EF85C1200DAD008 /* Main.storyboard in Resources */,
			);
			runOnlyForDeploymentPostprocessing = 0;
		};
/* End PBXResourcesBuildPhase section */

/* Begin PBXSourcesBuildPhase section */
		37F337541EF85C1200DAD008 /* Sources */ = {
			isa = PBXSourcesBuildPhase;
			buildActionMask = 2147483647;
			files = (
				37F3375E1EF85C1200DAD008 /* ViewController.swift in Sources */,
				37F3375C1EF85C1200DAD008 /* AppDelegate.swift in Sources */,
			);
			runOnlyForDeploymentPostprocessing = 0;
		};
/* End PBXSourcesBuildPhase section */

/* Begin PBXVariantGroup section */
		37F3375F1EF85C1200DAD008 /* Main.storyboard */ = {
			isa = PBXVariantGroup;
			children = (
				37F337601EF85C1200DAD008 /* Base */,
			);
			name = Main.storyboard;
			sourceTree = "<group>";
		};
		37F337641EF85C1200DAD008 /* LaunchScreen.storyboard */ = {
			isa = PBXVariantGroup;
			children = (
				37F337651EF85C1200DAD008 /* Base */,
			);
			name = LaunchScreen.storyboard;
			sourceTree = "<group>";
		};
/* End PBXVariantGroup section */

/* Begin XCBuildConfiguration section */
		37F337681EF85C1200DAD008 /* Debug */ = {
			isa = XCBuildConfiguration;
			buildSettings = {
				ALWAYS_SEARCH_USER_PATHS = NO;
				CLANG_ANALYZER_NONNULL = YES;
				CLANG_ANALYZER_NUMBER_OBJECT_CONVERSION = YES_AGGRESSIVE;
				CLANG_CXX_LANGUAGE_STANDARD = "gnu++0x";
				CLANG_CXX_LIBRARY = "libc++";
				CLANG_ENABLE_MODULES = YES;
				CLANG_ENABLE_OBJC_ARC = YES;
				CLANG_WARN_BOOL_CONVERSION = YES;
				CLANG_WARN_CONSTANT_CONVERSION = YES;
				CLANG_WARN_DIRECT_OBJC_ISA_USAGE = YES_ERROR;
				CLANG_WARN_DOCUMENTATION_COMMENTS = YES;
				CLANG_WARN_EMPTY_BODY = YES;
				CLANG_WARN_ENUM_CONVERSION = YES;
				CLANG_WARN_INFINITE_RECURSION = YES;
				CLANG_WARN_INT_CONVERSION = YES;
				CLANG_WARN_OBJC_ROOT_CLASS = YES_ERROR;
				CLANG_WARN_SUSPICIOUS_MOVE = YES;
				CLANG_WARN_UNREACHABLE_CODE = YES;
				CLANG_WARN__DUPLICATE_METHOD_MATCH = YES;
				"CODE_SIGN_IDENTITY[sdk=iphoneos*]" = "iPhone Developer";
				COPY_PHASE_STRIP = NO;
				DEBUG_INFORMATION_FORMAT = dwarf;
				ENABLE_STRICT_OBJC_MSGSEND = YES;
				ENABLE_TESTABILITY = YES;
				GCC_C_LANGUAGE_STANDARD = gnu99;
				GCC_DYNAMIC_NO_PIC = NO;
				GCC_NO_COMMON_BLOCKS = YES;
				GCC_OPTIMIZATION_LEVEL = 0;
				GCC_PREPROCESSOR_DEFINITIONS = (
					"DEBUG=1",
					"$(inherited)",
				);
				GCC_WARN_64_TO_32_BIT_CONVERSION = YES;
				GCC_WARN_ABOUT_RETURN_TYPE = YES_ERROR;
				GCC_WARN_UNDECLARED_SELECTOR = YES;
				GCC_WARN_UNINITIALIZED_AUTOS = YES_AGGRESSIVE;
				GCC_WARN_UNUSED_FUNCTION = YES;
				GCC_WARN_UNUSED_VARIABLE = YES;
				IPHONEOS_DEPLOYMENT_TARGET = 10.3;
				MTL_ENABLE_DEBUG_INFO = YES;
				ONLY_ACTIVE_ARCH = YES;
				SDKROOT = iphoneos;
				SWIFT_ACTIVE_COMPILATION_CONDITIONS = DEBUG;
				SWIFT_OPTIMIZATION_LEVEL = "-Onone";
				TARGETED_DEVICE_FAMILY = "1,2";
			};
			name = Debug;
		};
		37F337691EF85C1200DAD008 /* Release */ = {
			isa = XCBuildConfiguration;
			buildSettings = {
				ALWAYS_SEARCH_USER_PATHS = NO;
				CLANG_ANALYZER_NONNULL = YES;
				CLANG_ANALYZER_NUMBER_OBJECT_CONVERSION = YES_AGGRESSIVE;
				CLANG_CXX_LANGUAGE_STANDARD = "gnu++0x";
				CLANG_CXX_LIBRARY = "libc++";
				CLANG_ENABLE_MODULES = YES;
				CLANG_ENABLE_OBJC_ARC = YES;
				CLANG_WARN_BOOL_CONVERSION = YES;
				CLANG_WARN_CONSTANT_CONVERSION = YES;
				CLANG_WARN_DIRECT_OBJC_ISA_USAGE = YES_ERROR;
				CLANG_WARN_DOCUMENTATION_COMMENTS = YES;
				CLANG_WARN_EMPTY_BODY = YES;
				CLANG_WARN_ENUM_CONVERSION = YES;
				CLANG_WARN_INFINITE_RECURSION = YES;
				CLANG_WARN_INT_CONVERSION = YES;
				CLANG_WARN_OBJC_ROOT_CLASS = YES_ERROR;
				CLANG_WARN_SUSPICIOUS_MOVE = YES;
				CLANG_WARN_UNREACHABLE_CODE = YES;
				CLANG_WARN__DUPLICATE_METHOD_MATCH = YES;
				"CODE_SIGN_IDENTITY[sdk=iphoneos*]" = "iPhone Developer";
				COPY_PHASE_STRIP = NO;
				DEBUG_INFORMATION_FORMAT = "dwarf-with-dsym";
				ENABLE_NS_ASSERTIONS = NO;
				ENABLE_STRICT_OBJC_MSGSEND = YES;
				GCC_C_LANGUAGE_STANDARD = gnu99;
				GCC_NO_COMMON_BLOCKS = YES;
				GCC_WARN_64_TO_32_BIT_CONVERSION = YES;
				GCC_WARN_ABOUT_RETURN_TYPE = YES_ERROR;
				GCC_WARN_UNDECLARED_SELECTOR = YES;
				GCC_WARN_UNINITIALIZED_AUTOS = YES_AGGRESSIVE;
				GCC_WARN_UNUSED_FUNCTION = YES;
				GCC_WARN_UNUSED_VARIABLE = YES;
				IPHONEOS_DEPLOYMENT_TARGET = 10.3;
				MTL_ENABLE_DEBUG_INFO = NO;
				SDKROOT = iphoneos;
				SWIFT_OPTIMIZATION_LEVEL = "-Owholemodule";
				TARGETED_DEVICE_FAMILY = "1,2";
				VALIDATE_PRODUCT = YES;
			};
			name = Release;
		};
		37F3376B1EF85C1200DAD008 /* Debug */ = {
			isa = XCBuildConfiguration;
			buildSettings = {
				ASSETCATALOG_COMPILER_APPICON_NAME = AppIcon;
				CLANG_ENABLE_MODULES = YES;
				DEVELOPMENT_TEAM = WZFHSP6QD4;
				INFOPLIST_FILE = "$(SRCROOT)/SQLite_FMDB_Exercise/Info.plist";
				LD_RUNPATH_SEARCH_PATHS = "$(inherited) @executable_path/Frameworks";
				PRODUCT_BUNDLE_IDENTIFIER = ninja.pragprog.careerfoundry.UserDefaultsExercies;
				PRODUCT_NAME = "$(TARGET_NAME)";
				SWIFT_OBJC_BRIDGING_HEADER = "SQLite_FMDB_Exercise/SQLite_FMDB_Exercise-Bridging-Header.h";
				SWIFT_OPTIMIZATION_LEVEL = "-Onone";
				SWIFT_VERSION = 3.0;
			};
			name = Debug;
		};
		37F3376C1EF85C1200DAD008 /* Release */ = {
			isa = XCBuildConfiguration;
			buildSettings = {
				ASSETCATALOG_COMPILER_APPICON_NAME = AppIcon;
				CLANG_ENABLE_MODULES = YES;
				DEVELOPMENT_TEAM = WZFHSP6QD4;
				INFOPLIST_FILE = "$(SRCROOT)/SQLite_FMDB_Exercise/Info.plist";
				LD_RUNPATH_SEARCH_PATHS = "$(inherited) @executable_path/Frameworks";
				PRODUCT_BUNDLE_IDENTIFIER = ninja.pragprog.careerfoundry.UserDefaultsExercies;
				PRODUCT_NAME = "$(TARGET_NAME)";
				SWIFT_OBJC_BRIDGING_HEADER = "SQLite_FMDB_Exercise/SQLite_FMDB_Exercise-Bridging-Header.h";
				SWIFT_VERSION = 3.0;
			};
			name = Release;
		};
/* End XCBuildConfiguration section */

/* Begin XCConfigurationList section */
		37F337531EF85C1200DAD008 /* Build configuration list for PBXProject "SQLite_FMDB_Exercise" */ = {
			isa = XCConfigurationList;
			buildConfigurations = (
				37F337681EF85C1200DAD008 /* Debug */,
				37F337691EF85C1200DAD008 /* Release */,
			);
			defaultConfigurationIsVisible = 0;
			defaultConfigurationName = Release;
		};
		37F3376A1EF85C1200DAD008 /* Build configuration list for PBXNativeTarget "SQLite_FMDB_Exercise" */ = {
			isa = XCConfigurationList;
			buildConfigurations = (
				37F3376B1EF85C1200DAD008 /* Debug */,
				37F3376C1EF85C1200DAD008 /* Release */,
			);
			defaultConfigurationIsVisible = 0;
			defaultConfigurationName = Release;
		};
/* End XCConfigurationList section */
	};
	rootObject = 37F337501EF85C1200DAD008 /* Project object */;
}
